
Microsoft Visual Studio Solution File, Format Version 12.00
# Visual Studio 14
VisualStudioVersion = 14.0.22823.1
MinimumVisualStudioVersion = 10.0.40219.1
Project("{FAE04EC0-301F-11D3-BF4B-00C04F79EFBC}") = "InterviewPrep", "InterviewPrep\InterviewPrep.csproj", "{698DBB7D-CD16-4A01-BBC3-20167D7A714B}"
EndProject
Project("{FAE04EC0-301F-11D3-BF4B-00C04F79EFBC}") = "InterviewTests", "Test\InterviewTests.csproj", "{61FAF64B-22CF-4A48-A6F5-178E4E022F2A}"
EndProject
Global
	GlobalSection(SolutionConfigurationPlatforms) = preSolution
		Debug|Any CPU = Debug|Any CPU
		Release|Any CPU = Release|Any CPU
	EndGlobalSection
	GlobalSection(ProjectConfigurationPlatforms) = postSolution
		{698DBB7D-CD16-4A01-BBC3-20167D7A714B}.Debug|Any CPU.ActiveCfg = Debug|Any CPU
		{698DBB7D-CD16-4A01-BBC3-20167D7A714B}.Debug|Any CPU.Build.0 = Debug|Any CPU
		{698DBB7D-CD16-4A01-BBC3-20167D7A714B}.Release|Any CPU.ActiveCfg = Release|Any CPU
		{698DBB7D-CD16-4A01-BBC3-20167D7A714B}.Release|Any CPU.Build.0 = Release|Any CPU
		{61FAF64B-22CF-4A48-A6F5-178E4E022F2A}.Debug|Any CPU.ActiveCfg = Debug|Any CPU
		{61FAF64B-22CF-4A48-A6F5-178E4E022F2A}.Debug|Any CPU.Build.0 = Debug|Any CPU
		{61FAF64B-22CF-4A48-A6F5-178E4E022F2A}.Release|Any CPU.ActiveCfg = Release|Any CPU
		{61FAF64B-22CF-4A48-A6F5-178E4E022F2A}.Release|Any CPU.Build.0 = Release|Any CPU
	EndGlobalSection
	GlobalSection(SolutionProperties) = preSolution
		HideSolutionNode = FALSE
	EndGlobalSection
EndGlobal
